
Microsoft Visual Studio Solution File, Format Version 12.00
Project("{FAE04EC0-301F-11D3-BF4B-00C04F79EFBC}") = "AuctionService", "AuctionService\AuctionService.csproj", "{546EC548-A98F-4905-9A64-690A02B9ED7E}"
EndProject
Project("{2150E333-8FDC-42A3-9474-1A3956D46DE8}") = "AuctionService", "AuctionService", "{52EC85FF-F2B5-4CDD-993A-1AF83C791C74}"
EndProject
Project("{2150E333-8FDC-42A3-9474-1A3956D46DE8}") = "AuctionServiceGen2", "AuctionServiceGen2", "{B1A56676-D18D-443E-B9EB-682B09F6571D}"
EndProject
Project("{FAE04EC0-301F-11D3-BF4B-00C04F79EFBC}") = "AuctionService.Api", "AuctionService.Api\AuctionService.Api.csproj", "{9533D62E-AC16-46ED-96FA-AE8B4885740C}"
EndProject
Project("{FAE04EC0-301F-11D3-BF4B-00C04F79EFBC}") = "AuctionService.App", "AuctionService.App\AuctionService.App.csproj", "{EB9760C0-0AE7-43A7-8CA9-89CBA92F46BF}"
EndProject
Global
	GlobalSection(SolutionConfigurationPlatforms) = preSolution
		Debug|Any CPU = Debug|Any CPU
		Release|Any CPU = Release|Any CPU
	EndGlobalSection
	GlobalSection(ProjectConfigurationPlatforms) = postSolution
		{546EC548-A98F-4905-9A64-690A02B9ED7E}.Debug|Any CPU.ActiveCfg = Debug|Any CPU
		{546EC548-A98F-4905-9A64-690A02B9ED7E}.Debug|Any CPU.Build.0 = Debug|Any CPU
		{546EC548-A98F-4905-9A64-690A02B9ED7E}.Release|Any CPU.ActiveCfg = Release|Any CPU
		{546EC548-A98F-4905-9A64-690A02B9ED7E}.Release|Any CPU.Build.0 = Release|Any CPU
		{9533D62E-AC16-46ED-96FA-AE8B4885740C}.Debug|Any CPU.ActiveCfg = Debug|Any CPU
		{9533D62E-AC16-46ED-96FA-AE8B4885740C}.Debug|Any CPU.Build.0 = Debug|Any CPU
		{9533D62E-AC16-46ED-96FA-AE8B4885740C}.Release|Any CPU.ActiveCfg = Release|Any CPU
		{9533D62E-AC16-46ED-96FA-AE8B4885740C}.Release|Any CPU.Build.0 = Release|Any CPU
		{EB9760C0-0AE7-43A7-8CA9-89CBA92F46BF}.Debug|Any CPU.ActiveCfg = Debug|Any CPU
		{EB9760C0-0AE7-43A7-8CA9-89CBA92F46BF}.Debug|Any CPU.Build.0 = Debug|Any CPU
		{EB9760C0-0AE7-43A7-8CA9-89CBA92F46BF}.Release|Any CPU.ActiveCfg = Release|Any CPU
		{EB9760C0-0AE7-43A7-8CA9-89CBA92F46BF}.Release|Any CPU.Build.0 = Release|Any CPU
	EndGlobalSection
	GlobalSection(NestedProjects) = preSolution
		{546EC548-A98F-4905-9A64-690A02B9ED7E} = {52EC85FF-F2B5-4CDD-993A-1AF83C791C74}
		{B1A56676-D18D-443E-B9EB-682B09F6571D} = {52EC85FF-F2B5-4CDD-993A-1AF83C791C74}
		{9533D62E-AC16-46ED-96FA-AE8B4885740C} = {B1A56676-D18D-443E-B9EB-682B09F6571D}
		{EB9760C0-0AE7-43A7-8CA9-89CBA92F46BF} = {B1A56676-D18D-443E-B9EB-682B09F6571D}
	EndGlobalSection
EndGlobal
